{
  "name": "hugo-scroll",
  "version": "1.0.0",
  "lockfileVersion": 1,
  "requires": true,
  "dependencies": {
    "prettier": {
      "version": "2.8.7",
      "resolved": "https://registry.npmjs.org/prettier/-/prettier-2.8.7.tgz",
      "integrity": "sha512-yPngTo3aXUUmyuTjeTUT75txrf+aMh9FiD7q9ZE/i6r0bPb22g4FsE6Y338PQX1bmfy08i9QQCB7/rcUAVntfw==",
      "dev": true
    },
    "prettier-plugin-go-template": {
      "version": "0.0.13",
      "resolved": "https://registry.npmjs.org/prettier-plugin-go-template/-/prettier-plugin-go-template-0.0.13.tgz",
      "integrity": "sha512-gG/xT5kd+kCzoMaTchXvdfBdsunyRCV6G8cgdPGPd2V5JGGKXUG7SjzBKU7jaGh2RTeblcAdBb/E+S/duOAMsA==",
      "dev": true,
      "requires": {
        "ulid": "^2.3.0"
      }
    },
    "ulid": {
      "version": "2.3.0",
      "resolved": "https://registry.npmjs.org/ulid/-/ulid-2.3.0.tgz",
      "integrity": "sha512-keqHubrlpvT6G2wH0OEfSW4mquYRcbe/J8NMmveoQOjUqmo+hXtO+ORCpWhdbZ7k72UtY61BL7haGxW6enBnjw==",
      "dev": true
    }
  }
}
